
Microsoft Visual Studio Solution File, Format Version 12.00
# Visual Studio Version 16
VisualStudioVersion = 16.0.31205.134
MinimumVisualStudioVersion = 10.0.40219.1
Project("{FAE04EC0-301F-11D3-BF4B-00C04F79EFBC}") = "Plantr.Gateway", "Plantr.Gateway\Plantr.Gateway.csproj", "{127F4F00-1BE0-48E9-8438-7E636F3596B7}"
EndProject
Global
	GlobalSection(SolutionConfigurationPlatforms) = preSolution
		Debug|Any CPU = Debug|Any CPU
		Release|Any CPU = Release|Any CPU
	EndGlobalSection
	GlobalSection(ProjectConfigurationPlatforms) = postSolution
		{127F4F00-1BE0-48E9-8438-7E636F3596B7}.Debug|Any CPU.ActiveCfg = Debug|Any CPU
		{127F4F00-1BE0-48E9-8438-7E636F3596B7}.Debug|Any CPU.Build.0 = Debug|Any CPU
		{127F4F00-1BE0-48E9-8438-7E636F3596B7}.Release|Any CPU.ActiveCfg = Release|Any CPU
		{127F4F00-1BE0-48E9-8438-7E636F3596B7}.Release|Any CPU.Build.0 = Release|Any CPU
	EndGlobalSection
	GlobalSection(SolutionProperties) = preSolution
		HideSolutionNode = FALSE
	EndGlobalSection
	GlobalSection(ExtensibilityGlobals) = postSolution
		SolutionGuid = {0D11AF68-4451-4C46-9C70-DE980003B179}
	EndGlobalSection
EndGlobal
